<?xml version="1.0" encoding="utf-8"?>
<Project ToolsVersion="4.0" xmlns="http://schemas.microsoft.com/developer/msbuild/2003">
  <ItemGroup>
    <Filter Include="Source Files">
      <UniqueIdentifier>{4FC737F1-C7A5-4376-A066-2A32D752A2FF}</UniqueIdentifier>
      <Extensions>cpp;c;cc;cxx;c++;cppm;ixx;def;odl;idl;hpj;bat;asm;asmx</Extensions>
    </Filter>
    <Filter Include="Header Files">
      <UniqueIdentifier>{93995380-89BD-4b04-88EB-625FBE52EBFB}</UniqueIdentifier>
      <Extensions>h;hh;hpp;hxx;h++;hm;inl;inc;ipp;xsd</Extensions>
    </Filter>
    <Filter Include="Resource Files">
      <UniqueIdentifier>{67DA6AB6-F800-4c08-8B7A-83BB121AAD01}</UniqueIdentifier>
      <Extensions>rc;ico;cur;bmp;dlg;rc2;rct;bin;rgs;gif;jpg;jpeg;jpe;resx;tiff;tif;png;wav;mfcribbon-ms</Extensions>
    </Filter>
  </ItemGroup>
  <ItemGroup>
    <ClCompile Include="UniversityBasic.cpp">
      <Filter>Source Files</Filter>
    </ClCompile>
    <ClCompile Include="..\botsk.cpp">
      <Filter>Source Files</Filter>
    </ClCompile>
    <ClCompile Include="..\cartest.cpp">
      <Filter>Source Files</Filter>
    </ClCompile>
    <ClCompile Include="..\Cdat.cpp">
      <Filter>Source Files</Filter>
    </ClCompile>
    <ClCompile Include="..\classinhdemo.cpp">
      <Filter>Source Files</Filter>
    </ClCompile>
    <ClCompile Include="..\DemoLista.cpp">
      <Filter>Source Files</Filter>
    </ClCompile>
    <ClCompile Include="..\dropka.cpp">
      <Filter>Source Files</Filter>
    </ClCompile>
    <ClCompile Include="..\forlopp.cpp">
      <Filter>Source Files</Filter>
    </ClCompile>
    <ClCompile Include="..\freqsort.cpp">
      <Filter>Source Files</Filter>
    </ClCompile>
    <ClCompile Include="..\ftest.cpp">
      <Filter>Source Files</Filter>
    </ClCompile>
    <ClCompile Include="..\gets_unit.cpp">
      <Filter>Source Files</Filter>
    </ClCompile>
    <ClCompile Include="..\human_account.cpp">
      <Filter>Source Files</Filter>
    </ClCompile>
    <ClCompile Include="..\Iminja_vo_tekst.cpp">
      <Filter>Source Files</Filter>
    </ClCompile>
    <ClCompile Include="..\Iminja_vo_tekst_unit.cpp">
      <Filter>Source Files</Filter>
    </ClCompile>
    <ClCompile Include="..\instrument.cpp">
      <Filter>Source Files</Filter>
    </ClCompile>
    <ClCompile Include="..\intervalpiq.cpp">
      <Filter>Source Files</Filter>
    </ClCompile>
    <ClCompile Include="..\kolicnikdondecimali.cpp">
      <Filter>Source Files</Filter>
    </ClCompile>
    <ClCompile Include="..\listopp.cpp">
      <Filter>Source Files</Filter>
    </ClCompile>
    <ClCompile Include="..\liststart.cpp">
      <Filter>Source Files</Filter>
    </ClCompile>
    <ClCompile Include="..\loadmat.cpp">
      <Filter>Source Files</Filter>
    </ClCompile>
    <ClCompile Include="..\matrixoperation.cpp">
      <Filter>Source Files</Filter>
    </ClCompile>
    <ClCompile Include="..\mform.cpp">
      <Filter>Source Files</Filter>
    </ClCompile>
    <ClCompile Include="..\myflist.cpp">
      <Filter>Source Files</Filter>
    </ClCompile>
    <ClCompile Include="..\Najdi_zbor.cpp">
      <Filter>Source Files</Filter>
    </ClCompile>
    <ClCompile Include="..\neoenigma.cpp">
      <Filter>Source Files</Filter>
    </ClCompile>
    <ClCompile Include="..\numbconvert.cpp">
      <Filter>Source Files</Filter>
    </ClCompile>
    <ClCompile Include="..\palindrom_unit.cpp">
      <Filter>Source Files</Filter>
    </ClCompile>
    <ClCompile Include="..\Permutacija.cpp">
      <Filter>Source Files</Filter>
    </ClCompile>
    <ClCompile Include="..\permutealg.cpp">
      <Filter>Source Files</Filter>
    </ClCompile>
    <ClCompile Include="..\pi_unit.cpp">
      <Filter>Source Files</Filter>
    </ClCompile>
    <ClCompile Include="..\podniza_pal.cpp">
      <Filter>Source Files</Filter>
    </ClCompile>
    <ClCompile Include="..\pointer.cpp">
      <Filter>Source Files</Filter>
    </ClCompile>
    <ClCompile Include="..\pointerstest.cpp">
      <Filter>Source Files</Filter>
    </ClCompile>
    <ClCompile Include="..\pont1.cpp">
      <Filter>Source Files</Filter>
    </ClCompile>
    <ClCompile Include="..\pre.cpp">
      <Filter>Source Files</Filter>
    </ClCompile>
    <ClCompile Include="..\prostorija.cpp">
      <Filter>Source Files</Filter>
    </ClCompile>
    <ClCompile Include="..\prozvodnaprostimn.cpp">
      <Filter>Source Files</Filter>
    </ClCompile>
    <ClCompile Include="..\pwd.cpp">
      <Filter>Source Files</Filter>
    </ClCompile>
    <ClCompile Include="..\recmat.cpp">
      <Filter>Source Files</Filter>
    </ClCompile>
    <ClCompile Include="..\redukcija_na_niza_unit.cpp">
      <Filter>Source Files</Filter>
    </ClCompile>
    <ClCompile Include="..\redukcija_po_frekfencija.cpp">
      <Filter>Source Files</Filter>
    </ClCompile>
    <ClCompile Include="..\refrence_array.cpp">
      <Filter>Source Files</Filter>
    </ClCompile>
    <ClCompile Include="..\rek.cpp">
      <Filter>Source Files</Filter>
    </ClCompile>
    <ClCompile Include="..\Rek_fak.cpp">
      <Filter>Source Files</Filter>
    </ClCompile>
    <ClCompile Include="..\sortmatrixcolum.cpp">
      <Filter>Source Files</Filter>
    </ClCompile>
    <ClCompile Include="..\spoini.cpp">
      <Filter>Source Files</Filter>
    </ClCompile>
    <ClCompile Include="..\stack.cpp">
      <Filter>Source Files</Filter>
    </ClCompile>
    <ClCompile Include="..\startclass.cpp">
      <Filter>Source Files</Filter>
    </ClCompile>
    <ClCompile Include="..\stream.cpp">
      <Filter>Source Files</Filter>
    </ClCompile>
    <ClCompile Include="..\stringtest.cpp">
      <Filter>Source Files</Filter>
    </ClCompile>
    <ClCompile Include="..\subni.cpp">
      <Filter>Source Files</Filter>
    </ClCompile>
    <ClCompile Include="..\systemtest.cpp">
      <Filter>Source Files</Filter>
    </ClCompile>
    <ClCompile Include="..\test.cpp">
      <Filter>Source Files</Filter>
    </ClCompile>
    <ClCompile Include="..\thecar.cpp">
      <Filter>Source Files</Filter>
    </ClCompile>
    <ClCompile Include="..\tik.cpp">
      <Filter>Source Files</Filter>
    </ClCompile>
    <ClCompile Include="..\timer.cpp">
      <Filter>Source Files</Filter>
    </ClCompile>
    <ClCompile Include="..\transpone.cpp">
      <Filter>Source Files</Filter>
    </ClCompile>
    <ClCompile Include="..\verizna_dropka.cpp">
      <Filter>Source Files</Filter>
    </ClCompile>
    <ClCompile Include="..\vraboten_nasled.cpp">
      <Filter>Source Files</Filter>
    </ClCompile>
    <ClCompile Include="..\vraboteni.cpp">
      <Filter>Source Files</Filter>
    </ClCompile>
    <ClCompile Include="..\workwithfiles.cpp">
      <Filter>Source Files</Filter>
    </ClCompile>
    <ClCompile Include="..\zborvodat.cpp">
      <Filter>Source Files</Filter>
    </ClCompile>
    <ClCompile Include="..\zborzb.cpp">
      <Filter>Source Files</Filter>
    </ClCompile>
    <ClCompile Include="..\BasicMatrixIOOperation.cpp">
      <Filter>Source Files</Filter>
    </ClCompile>
  </ItemGroup>
</Project>