
Microsoft Visual Studio Solution File, Format Version 12.00
# Visual Studio 15
VisualStudioVersion = 15.0.28307.271
MinimumVisualStudioVersion = 10.0.40219.1
Project("{8BC9CEB8-8B4A-11D0-8D11-00A0C91BC942}") = "InterviewAlgorithms", "InterviewAlgorithms\InterviewAlgorithms.vcxproj", "{A6AFE94C-EC05-4A7C-942D-D04206EE790D}"
EndProject
Global
	GlobalSection(SolutionConfigurationPlatforms) = preSolution
		Debug|x64 = Debug|x64
		Debug|x86 = Debug|x86
		Release|x64 = Release|x64
		Release|x86 = Release|x86
	EndGlobalSection
	GlobalSection(ProjectConfigurationPlatforms) = postSolution
		{A6AFE94C-EC05-4A7C-942D-D04206EE790D}.Debug|x64.ActiveCfg = Debug|x64
		{A6AFE94C-EC05-4A7C-942D-D04206EE790D}.Debug|x64.Build.0 = Debug|x64
		{A6AFE94C-EC05-4A7C-942D-D04206EE790D}.Debug|x86.ActiveCfg = Debug|Win32
		{A6AFE94C-EC05-4A7C-942D-D04206EE790D}.Debug|x86.Build.0 = Debug|Win32
		{A6AFE94C-EC05-4A7C-942D-D04206EE790D}.Release|x64.ActiveCfg = Release|x64
		{A6AFE94C-EC05-4A7C-942D-D04206EE790D}.Release|x64.Build.0 = Release|x64
		{A6AFE94C-EC05-4A7C-942D-D04206EE790D}.Release|x86.ActiveCfg = Release|Win32
		{A6AFE94C-EC05-4A7C-942D-D04206EE790D}.Release|x86.Build.0 = Release|Win32
	EndGlobalSection
	GlobalSection(SolutionProperties) = preSolution
		HideSolutionNode = FALSE
	EndGlobalSection
	GlobalSection(ExtensibilityGlobals) = postSolution
		SolutionGuid = {21599DEA-229F-455C-B394-19E9C3686CBF}
	EndGlobalSection
EndGlobal
